
Microsoft Visual Studio Solution File, Format Version 12.00
# Visual Studio Version 17
VisualStudioVersion = 17.3.32819.101
MinimumVisualStudioVersion = 10.0.40219.1
Project("{FAE04EC0-301F-11D3-BF4B-00C04F79EFBC}") = "TodoServices", "TodoServices.csproj", "{5BBA35E6-50D6-4E99-B642-781F14B31E9F}"
EndProject
Global
	GlobalSection(SolutionConfigurationPlatforms) = preSolution
		Debug|Any CPU = Debug|Any CPU
		Release|Any CPU = Release|Any CPU
	EndGlobalSection
	GlobalSection(ProjectConfigurationPlatforms) = postSolution
		{5BBA35E6-50D6-4E99-B642-781F14B31E9F}.Debug|Any CPU.ActiveCfg = Debug|Any CPU
		{5BBA35E6-50D6-4E99-B642-781F14B31E9F}.Debug|Any CPU.Build.0 = Debug|Any CPU
		{5BBA35E6-50D6-4E99-B642-781F14B31E9F}.Release|Any CPU.ActiveCfg = Release|Any CPU
		{5BBA35E6-50D6-4E99-B642-781F14B31E9F}.Release|Any CPU.Build.0 = Release|Any CPU
	EndGlobalSection
	GlobalSection(SolutionProperties) = preSolution
		HideSolutionNode = FALSE
	EndGlobalSection
	GlobalSection(ExtensibilityGlobals) = postSolution
		SolutionGuid = {28C40AA7-AB91-4712-911A-AE36BC5E0AC2}
	EndGlobalSection
EndGlobal
